// !$*UTF8*$!
{
	archiveVersion = 1;
	classes = {
	};
	objectVersion = 50;
	objects = {

/* Begin PBXBuildFile section */
		2E7D614D22A96777003FA917 /* Stat.swift in Sources */ = {isa = PBXBuildFile; fileRef = 2E7D614C22A96777003FA917 /* Stat.swift */; };
		2E7D614F22A99256003FA917 /* MultiplierView.swift in Sources */ = {isa = PBXBuildFile; fileRef = 2E7D614E22A99256003FA917 /* MultiplierView.swift */; };
		2EB7662D22A3424100EEDE89 /* DartScratch.swift in Sources */ = {isa = PBXBuildFile; fileRef = 2EB7662C22A3424100EEDE89 /* DartScratch.swift */; };
		2EB7662F22A3434100EEDE89 /* DartScratches.swift in Sources */ = {isa = PBXBuildFile; fileRef = 2EB7662E22A3434100EEDE89 /* DartScratches.swift */; };
		2ECE0D75229AE580008ED07A /* ScoreboardCell.swift in Sources */ = {isa = PBXBuildFile; fileRef = 2ECE0D74229AE580008ED07A /* ScoreboardCell.swift */; };
		2ECE0D78229AE5E5008ED07A /* Player.swift in Sources */ = {isa = PBXBuildFile; fileRef = 2ECE0D77229AE5E5008ED07A /* Player.swift */; };
		2ECE0D7A229AE62B008ED07A /* ScoreboardCell.xib in Resources */ = {isa = PBXBuildFile; fileRef = 2ECE0D79229AE62B008ED07A /* ScoreboardCell.xib */; };
		2ECE0D7E229CCCC5008ED07A /* EmptyCell.xib in Resources */ = {isa = PBXBuildFile; fileRef = 2ECE0D7D229CCCC5008ED07A /* EmptyCell.xib */; };
		2ECE0D80229CCCF5008ED07A /* EmptyCell.swift in Sources */ = {isa = PBXBuildFile; fileRef = 2ECE0D7F229CCCF5008ED07A /* EmptyCell.swift */; };
		2ECE0D84229CD950008ED07A /* PlayerNameCell.swift in Sources */ = {isa = PBXBuildFile; fileRef = 2ECE0D83229CD950008ED07A /* PlayerNameCell.swift */; };
		2ECE0D86229CDFDC008ED07A /* DartGameObjectViewModel.swift in Sources */ = {isa = PBXBuildFile; fileRef = 2ECE0D85229CDFDC008ED07A /* DartGameObjectViewModel.swift */; };
		2ECE0D88229E1E01008ED07A /* Dart.swift in Sources */ = {isa = PBXBuildFile; fileRef = 2ECE0D87229E1E00008ED07A /* Dart.swift */; };
		2ECE0D8A229E1F12008ED07A /* Round.swift in Sources */ = {isa = PBXBuildFile; fileRef = 2ECE0D89229E1F12008ED07A /* Round.swift */; };
		2ECE0D8D229E2CDB008ED07A /* Scoreboard.swift in Sources */ = {isa = PBXBuildFile; fileRef = 2ECE0D8C229E2CDB008ED07A /* Scoreboard.swift */; };
		2EF85E2022BAC2750079B67A /* PlayerNumberDisplay.swift in Sources */ = {isa = PBXBuildFile; fileRef = 2EF85E1F22BAC2750079B67A /* PlayerNumberDisplay.swift */; };
		2EFFAFBF228E51CC00E3B456 /* AppDelegate.swift in Sources */ = {isa = PBXBuildFile; fileRef = 2EFFAFBE228E51CC00E3B456 /* AppDelegate.swift */; };
		2EFFAFC1228E51CC00E3B456 /* GameBoardVC.swift in Sources */ = {isa = PBXBuildFile; fileRef = 2EFFAFC0228E51CC00E3B456 /* GameBoardVC.swift */; };
		2EFFAFC4228E51CC00E3B456 /* Main.storyboard in Resources */ = {isa = PBXBuildFile; fileRef = 2EFFAFC2228E51CC00E3B456 /* Main.storyboard */; };
		2EFFAFC7228E51CC00E3B456 /* Darts.xcdatamodeld in Sources */ = {isa = PBXBuildFile; fileRef = 2EFFAFC5228E51CC00E3B456 /* Darts.xcdatamodeld */; };
		2EFFAFC9228E51CE00E3B456 /* Assets.xcassets in Resources */ = {isa = PBXBuildFile; fileRef = 2EFFAFC8228E51CE00E3B456 /* Assets.xcassets */; };
		2EFFAFCC228E51CE00E3B456 /* LaunchScreen.storyboard in Resources */ = {isa = PBXBuildFile; fileRef = 2EFFAFCA228E51CE00E3B456 /* LaunchScreen.storyboard */; };
		2EFFAFD4228E532900E3B456 /* PlayerScoreCell.swift in Sources */ = {isa = PBXBuildFile; fileRef = 2EFFAFD3228E532900E3B456 /* PlayerScoreCell.swift */; };
		2EFFAFD6228E596300E3B456 /* ChoosePlayersVC.swift in Sources */ = {isa = PBXBuildFile; fileRef = 2EFFAFD5228E596300E3B456 /* ChoosePlayersVC.swift */; };
		2EFFAFD8228E602900E3B456 /* PlayerScoreCell.xib in Resources */ = {isa = PBXBuildFile; fileRef = 2EFFAFD7228E602900E3B456 /* PlayerScoreCell.xib */; };
/* End PBXBuildFile section */

/* Begin PBXFileReference section */
		2E7D614C22A96777003FA917 /* Stat.swift */ = {isa = PBXFileReference; lastKnownFileType = sourcecode.swift; path = Stat.swift; sourceTree = "<group>"; };
		2E7D614E22A99256003FA917 /* MultiplierView.swift */ = {isa = PBXFileReference; lastKnownFileType = sourcecode.swift; path = MultiplierView.swift; sourceTree = "<group>"; };
		2EB7662C22A3424100EEDE89 /* DartScratch.swift */ = {isa = PBXFileReference; lastKnownFileType = sourcecode.swift; path = DartScratch.swift; sourceTree = "<group>"; };
		2EB7662E22A3434100EEDE89 /* DartScratches.swift */ = {isa = PBXFileReference; lastKnownFileType = sourcecode.swift; path = DartScratches.swift; sourceTree = "<group>"; };
		2ECE0D74229AE580008ED07A /* ScoreboardCell.swift */ = {isa = PBXFileReference; lastKnownFileType = sourcecode.swift; path = ScoreboardCell.swift; sourceTree = "<group>"; };
		2ECE0D77229AE5E5008ED07A /* Player.swift */ = {isa = PBXFileReference; lastKnownFileType = sourcecode.swift; path = Player.swift; sourceTree = "<group>"; };
		2ECE0D79229AE62B008ED07A /* ScoreboardCell.xib */ = {isa = PBXFileReference; lastKnownFileType = file.xib; path = ScoreboardCell.xib; sourceTree = "<group>"; };
		2ECE0D7D229CCCC5008ED07A /* EmptyCell.xib */ = {isa = PBXFileReference; lastKnownFileType = file.xib; path = EmptyCell.xib; sourceTree = "<group>"; };
		2ECE0D7F229CCCF5008ED07A /* EmptyCell.swift */ = {isa = PBXFileReference; lastKnownFileType = sourcecode.swift; path = EmptyCell.swift; sourceTree = "<group>"; };
		2ECE0D83229CD950008ED07A /* PlayerNameCell.swift */ = {isa = PBXFileReference; lastKnownFileType = sourcecode.swift; path = PlayerNameCell.swift; sourceTree = "<group>"; };
		2ECE0D85229CDFDC008ED07A /* DartGameObjectViewModel.swift */ = {isa = PBXFileReference; lastKnownFileType = sourcecode.swift; path = DartGameObjectViewModel.swift; sourceTree = "<group>"; };
		2ECE0D87229E1E00008ED07A /* Dart.swift */ = {isa = PBXFileReference; lastKnownFileType = sourcecode.swift; path = Dart.swift; sourceTree = "<group>"; };
		2ECE0D89229E1F12008ED07A /* Round.swift */ = {isa = PBXFileReference; lastKnownFileType = sourcecode.swift; path = Round.swift; sourceTree = "<group>"; };
		2ECE0D8C229E2CDB008ED07A /* Scoreboard.swift */ = {isa = PBXFileReference; lastKnownFileType = sourcecode.swift; path = Scoreboard.swift; sourceTree = "<group>"; };
		2EF85E1F22BAC2750079B67A /* PlayerNumberDisplay.swift */ = {isa = PBXFileReference; lastKnownFileType = sourcecode.swift; path = PlayerNumberDisplay.swift; sourceTree = "<group>"; };
		2EFFAFBB228E51CC00E3B456 /* Darts.app */ = {isa = PBXFileReference; explicitFileType = wrapper.application; includeInIndex = 0; path = Darts.app; sourceTree = BUILT_PRODUCTS_DIR; };
		2EFFAFBE228E51CC00E3B456 /* AppDelegate.swift */ = {isa = PBXFileReference; lastKnownFileType = sourcecode.swift; path = AppDelegate.swift; sourceTree = "<group>"; };
		2EFFAFC0228E51CC00E3B456 /* GameBoardVC.swift */ = {isa = PBXFileReference; lastKnownFileType = sourcecode.swift; path = GameBoardVC.swift; sourceTree = "<group>"; };
		2EFFAFC3228E51CC00E3B456 /* Base */ = {isa = PBXFileReference; lastKnownFileType = file.storyboard; name = Base; path = Base.lproj/Main.storyboard; sourceTree = "<group>"; };
		2EFFAFC6228E51CC00E3B456 /* Darts.xcdatamodel */ = {isa = PBXFileReference; lastKnownFileType = wrapper.xcdatamodel; path = Darts.xcdatamodel; sourceTree = "<group>"; };
		2EFFAFC8228E51CE00E3B456 /* Assets.xcassets */ = {isa = PBXFileReference; lastKnownFileType = folder.assetcatalog; path = Assets.xcassets; sourceTree = "<group>"; };
		2EFFAFCB228E51CE00E3B456 /* Base */ = {isa = PBXFileReference; lastKnownFileType = file.storyboard; name = Base; path = Base.lproj/LaunchScreen.storyboard; sourceTree = "<group>"; };
		2EFFAFCD228E51CE00E3B456 /* Info.plist */ = {isa = PBXFileReference; lastKnownFileType = text.plist.xml; path = Info.plist; sourceTree = "<group>"; };
		2EFFAFD3228E532900E3B456 /* PlayerScoreCell.swift */ = {isa = PBXFileReference; lastKnownFileType = sourcecode.swift; path = PlayerScoreCell.swift; sourceTree = "<group>"; };
		2EFFAFD5228E596300E3B456 /* ChoosePlayersVC.swift */ = {isa = PBXFileReference; lastKnownFileType = sourcecode.swift; path = ChoosePlayersVC.swift; sourceTree = "<group>"; };
		2EFFAFD7228E602900E3B456 /* PlayerScoreCell.xib */ = {isa = PBXFileReference; lastKnownFileType = file.xib; path = PlayerScoreCell.xib; sourceTree = "<group>"; };
/* End PBXFileReference section */

/* Begin PBXFrameworksBuildPhase section */
		2EFFAFB8228E51CC00E3B456 /* Frameworks */ = {
			isa = PBXFrameworksBuildPhase;
			buildActionMask = 2147483647;
			files = (
			);
			runOnlyForDeploymentPostprocessing = 0;
		};
/* End PBXFrameworksBuildPhase section */

/* Begin PBXGroup section */
		2EB7663022A42CC100EEDE89 /* Enums */ = {
			isa = PBXGroup;
			children = (
				2EB7662C22A3424100EEDE89 /* DartScratch.swift */,
			);
			path = Enums;
			sourceTree = "<group>";
		};
		2ECE0D73229AE54A008ED07A /* Views */ = {
			isa = PBXGroup;
			children = (
				2EFFAFD3228E532900E3B456 /* PlayerScoreCell.swift */,
				2ECE0D74229AE580008ED07A /* ScoreboardCell.swift */,
				2ECE0D7F229CCCF5008ED07A /* EmptyCell.swift */,
				2ECE0D83229CD950008ED07A /* PlayerNameCell.swift */,
				2ECE0D8C229E2CDB008ED07A /* Scoreboard.swift */,
				2E7D614E22A99256003FA917 /* MultiplierView.swift */,
				2EF85E1F22BAC2750079B67A /* PlayerNumberDisplay.swift */,
			);
			path = Views;
			sourceTree = "<group>";
		};
		2ECE0D76229AE5C2008ED07A /* Nibs */ = {
			isa = PBXGroup;
			children = (
				2EFFAFD7228E602900E3B456 /* PlayerScoreCell.xib */,
				2ECE0D79229AE62B008ED07A /* ScoreboardCell.xib */,
				2ECE0D7D229CCCC5008ED07A /* EmptyCell.xib */,
			);
			path = Nibs;
			sourceTree = "<group>";
		};
		2ECE0D7B229AE64E008ED07A /* Models */ = {
			isa = PBXGroup;
			children = (
				2ECE0D77229AE5E5008ED07A /* Player.swift */,
				2ECE0D87229E1E00008ED07A /* Dart.swift */,
				2ECE0D89229E1F12008ED07A /* Round.swift */,
				2EB7662E22A3434100EEDE89 /* DartScratches.swift */,
				2E7D614C22A96777003FA917 /* Stat.swift */,
			);
			path = Models;
			sourceTree = "<group>";
		};
		2ECE0D7C229AE661008ED07A /* ViewControllers */ = {
			isa = PBXGroup;
			children = (
				2EFFAFD5228E596300E3B456 /* ChoosePlayersVC.swift */,
				2EFFAFC0228E51CC00E3B456 /* GameBoardVC.swift */,
			);
			path = ViewControllers;
			sourceTree = "<group>";
		};
		2ECE0D8B229E238D008ED07A /* ViewModels */ = {
			isa = PBXGroup;
			children = (
				2ECE0D85229CDFDC008ED07A /* DartGameObjectViewModel.swift */,
			);
			path = ViewModels;
			sourceTree = "<group>";
		};
		2EFFAFB2228E51CC00E3B456 = {
			isa = PBXGroup;
			children = (
				2EFFAFBD228E51CC00E3B456 /* Darts */,
				2EFFAFBC228E51CC00E3B456 /* Products */,
			);
			sourceTree = "<group>";
		};
		2EFFAFBC228E51CC00E3B456 /* Products */ = {
			isa = PBXGroup;
			children = (
				2EFFAFBB228E51CC00E3B456 /* Darts.app */,
			);
			name = Products;
			sourceTree = "<group>";
		};
		2EFFAFBD228E51CC00E3B456 /* Darts */ = {
			isa = PBXGroup;
			children = (
				2EB7663022A42CC100EEDE89 /* Enums */,
				2ECE0D8B229E238D008ED07A /* ViewModels */,
				2ECE0D7C229AE661008ED07A /* ViewControllers */,
				2ECE0D7B229AE64E008ED07A /* Models */,
				2ECE0D73229AE54A008ED07A /* Views */,
				2ECE0D76229AE5C2008ED07A /* Nibs */,
				2EFFAFBE228E51CC00E3B456 /* AppDelegate.swift */,
				2EFFAFC2228E51CC00E3B456 /* Main.storyboard */,
				2EFFAFC8228E51CE00E3B456 /* Assets.xcassets */,
				2EFFAFCA228E51CE00E3B456 /* LaunchScreen.storyboard */,
				2EFFAFCD228E51CE00E3B456 /* Info.plist */,
				2EFFAFC5228E51CC00E3B456 /* Darts.xcdatamodeld */,
			);
			path = Darts;
			sourceTree = "<group>";
		};
/* End PBXGroup section */

/* Begin PBXNativeTarget section */
		2EFFAFBA228E51CC00E3B456 /* Darts */ = {
			isa = PBXNativeTarget;
			buildConfigurationList = 2EFFAFD0228E51CE00E3B456 /* Build configuration list for PBXNativeTarget "Darts" */;
			buildPhases = (
				2EFFAFB7228E51CC00E3B456 /* Sources */,
				2EFFAFB8228E51CC00E3B456 /* Frameworks */,
				2EFFAFB9228E51CC00E3B456 /* Resources */,
			);
			buildRules = (
			);
			dependencies = (
			);
			name = Darts;
			productName = Darts;
			productReference = 2EFFAFBB228E51CC00E3B456 /* Darts.app */;
			productType = "com.apple.product-type.application";
		};
/* End PBXNativeTarget section */

/* Begin PBXProject section */
		2EFFAFB3228E51CC00E3B456 /* Project object */ = {
			isa = PBXProject;
			attributes = {
				LastSwiftUpdateCheck = 1010;
				LastUpgradeCheck = 1010;
				ORGANIZATIONNAME = "Robert Wais";
				TargetAttributes = {
					2EFFAFBA228E51CC00E3B456 = {
						CreatedOnToolsVersion = 10.1;
					};
				};
			};
			buildConfigurationList = 2EFFAFB6228E51CC00E3B456 /* Build configuration list for PBXProject "Darts" */;
			compatibilityVersion = "Xcode 9.3";
			developmentRegion = en;
			hasScannedForEncodings = 0;
			knownRegions = (
				en,
				Base,
			);
			mainGroup = 2EFFAFB2228E51CC00E3B456;
			productRefGroup = 2EFFAFBC228E51CC00E3B456 /* Products */;
			projectDirPath = "";
			projectRoot = "";
			targets = (
				2EFFAFBA228E51CC00E3B456 /* Darts */,
			);
		};
/* End PBXProject section */

/* Begin PBXResourcesBuildPhase section */
		2EFFAFB9228E51CC00E3B456 /* Resources */ = {
			isa = PBXResourcesBuildPhase;
			buildActionMask = 2147483647;
			files = (
				2EFFAFCC228E51CE00E3B456 /* LaunchScreen.storyboard in Resources */,
				2EFFAFD8228E602900E3B456 /* PlayerScoreCell.xib in Resources */,
				2EFFAFC9228E51CE00E3B456 /* Assets.xcassets in Resources */,
				2ECE0D7A229AE62B008ED07A /* ScoreboardCell.xib in Resources */,
				2EFFAFC4228E51CC00E3B456 /* Main.storyboard in Resources */,
				2ECE0D7E229CCCC5008ED07A /* EmptyCell.xib in Resources */,
			);
			runOnlyForDeploymentPostprocessing = 0;
		};
/* End PBXResourcesBuildPhase section */

/* Begin PBXSourcesBuildPhase section */
		2EFFAFB7228E51CC00E3B456 /* Sources */ = {
			isa = PBXSourcesBuildPhase;
			buildActionMask = 2147483647;
			files = (
				2ECE0D75229AE580008ED07A /* ScoreboardCell.swift in Sources */,
				2ECE0D84229CD950008ED07A /* PlayerNameCell.swift in Sources */,
				2ECE0D80229CCCF5008ED07A /* EmptyCell.swift in Sources */,
				2EFFAFD6228E596300E3B456 /* ChoosePlayersVC.swift in Sources */,
				2EB7662D22A3424100EEDE89 /* DartScratch.swift in Sources */,
				2ECE0D88229E1E01008ED07A /* Dart.swift in Sources */,
				2EFFAFD4228E532900E3B456 /* PlayerScoreCell.swift in Sources */,
				2ECE0D86229CDFDC008ED07A /* DartGameObjectViewModel.swift in Sources */,
				2EF85E2022BAC2750079B67A /* PlayerNumberDisplay.swift in Sources */,
				2EB7662F22A3434100EEDE89 /* DartScratches.swift in Sources */,
				2E7D614D22A96777003FA917 /* Stat.swift in Sources */,
				2E7D614F22A99256003FA917 /* MultiplierView.swift in Sources */,
				2EFFAFC1228E51CC00E3B456 /* GameBoardVC.swift in Sources */,
				2ECE0D78229AE5E5008ED07A /* Player.swift in Sources */,
				2ECE0D8D229E2CDB008ED07A /* Scoreboard.swift in Sources */,
				2EFFAFC7228E51CC00E3B456 /* Darts.xcdatamodeld in Sources */,
				2ECE0D8A229E1F12008ED07A /* Round.swift in Sources */,
				2EFFAFBF228E51CC00E3B456 /* AppDelegate.swift in Sources */,
			);
			runOnlyForDeploymentPostprocessing = 0;
		};
/* End PBXSourcesBuildPhase section */

/* Begin PBXVariantGroup section */
		2EFFAFC2228E51CC00E3B456 /* Main.storyboard */ = {
			isa = PBXVariantGroup;
			children = (
				2EFFAFC3228E51CC00E3B456 /* Base */,
			);
			name = Main.storyboard;
			sourceTree = "<group>";
		};
		2EFFAFCA228E51CE00E3B456 /* LaunchScreen.storyboard */ = {
			isa = PBXVariantGroup;
			children = (
				2EFFAFCB228E51CE00E3B456 /* Base */,
			);
			name = LaunchScreen.storyboard;
			sourceTree = "<group>";
		};
/* End PBXVariantGroup section */

/* Begin XCBuildConfiguration section */
		2EFFAFCE228E51CE00E3B456 /* Debug */ = {
			isa = XCBuildConfiguration;
			buildSettings = {
				ALWAYS_SEARCH_USER_PATHS = NO;
				CLANG_ANALYZER_NONNULL = YES;
				CLANG_ANALYZER_NUMBER_OBJECT_CONVERSION = YES_AGGRESSIVE;
				CLANG_CXX_LANGUAGE_STANDARD = "gnu++14";
				CLANG_CXX_LIBRARY = "libc++";
				CLANG_ENABLE_MODULES = YES;
				CLANG_ENABLE_OBJC_ARC = YES;
				CLANG_ENABLE_OBJC_WEAK = YES;
				CLANG_WARN_BLOCK_CAPTURE_AUTORELEASING = YES;
				CLANG_WARN_BOOL_CONVERSION = YES;
				CLANG_WARN_COMMA = YES;
				CLANG_WARN_CONSTANT_CONVERSION = YES;
				CLANG_WARN_DEPRECATED_OBJC_IMPLEMENTATIONS = YES;
				CLANG_WARN_DIRECT_OBJC_ISA_USAGE = YES_ERROR;
				CLANG_WARN_DOCUMENTATION_COMMENTS = YES;
				CLANG_WARN_EMPTY_BODY = YES;
				CLANG_WARN_ENUM_CONVERSION = YES;
				CLANG_WARN_INFINITE_RECURSION = YES;
				CLANG_WARN_INT_CONVERSION = YES;
				CLANG_WARN_NON_LITERAL_NULL_CONVERSION = YES;
				CLANG_WARN_OBJC_IMPLICIT_RETAIN_SELF = YES;
				CLANG_WARN_OBJC_LITERAL_CONVERSION = YES;
				CLANG_WARN_OBJC_ROOT_CLASS = YES_ERROR;
				CLANG_WARN_RANGE_LOOP_ANALYSIS = YES;
				CLANG_WARN_STRICT_PROTOTYPES = YES;
				CLANG_WARN_SUSPICIOUS_MOVE = YES;
				CLANG_WARN_UNGUARDED_AVAILABILITY = YES_AGGRESSIVE;
				CLANG_WARN_UNREACHABLE_CODE = YES;
				CLANG_WARN__DUPLICATE_METHOD_MATCH = YES;
				CODE_SIGN_IDENTITY = "iPhone Developer";
				COPY_PHASE_STRIP = NO;
				DEBUG_INFORMATION_FORMAT = dwarf;
				ENABLE_STRICT_OBJC_MSGSEND = YES;
				ENABLE_TESTABILITY = YES;
				GCC_C_LANGUAGE_STANDARD = gnu11;
				GCC_DYNAMIC_NO_PIC = NO;
				GCC_NO_COMMON_BLOCKS = YES;
				GCC_OPTIMIZATION_LEVEL = 0;
				GCC_PREPROCESSOR_DEFINITIONS = (
					"DEBUG=1",
					"$(inherited)",
				);
				GCC_WARN_64_TO_32_BIT_CONVERSION = YES;
				GCC_WARN_ABOUT_RETURN_TYPE = YES_ERROR;
				GCC_WARN_UNDECLARED_SELECTOR = YES;
				GCC_WARN_UNINITIALIZED_AUTOS = YES_AGGRESSIVE;
				GCC_WARN_UNUSED_FUNCTION = YES;
				GCC_WARN_UNUSED_VARIABLE = YES;
				IPHONEOS_DEPLOYMENT_TARGET = 12.1;
				MTL_ENABLE_DEBUG_INFO = INCLUDE_SOURCE;
				MTL_FAST_MATH = YES;
				ONLY_ACTIVE_ARCH = YES;
				SDKROOT = iphoneos;
				SWIFT_ACTIVE_COMPILATION_CONDITIONS = DEBUG;
				SWIFT_OPTIMIZATION_LEVEL = "-Onone";
			};
			name = Debug;
		};
		2EFFAFCF228E51CE00E3B456 /* Release */ = {
			isa = XCBuildConfiguration;
			buildSettings = {
				ALWAYS_SEARCH_USER_PATHS = NO;
				CLANG_ANALYZER_NONNULL = YES;
				CLANG_ANALYZER_NUMBER_OBJECT_CONVERSION = YES_AGGRESSIVE;
				CLANG_CXX_LANGUAGE_STANDARD = "gnu++14";
				CLANG_CXX_LIBRARY = "libc++";
				CLANG_ENABLE_MODULES = YES;
				CLANG_ENABLE_OBJC_ARC = YES;
				CLANG_ENABLE_OBJC_WEAK = YES;
				CLANG_WARN_BLOCK_CAPTURE_AUTORELEASING = YES;
				CLANG_WARN_BOOL_CONVERSION = YES;
				CLANG_WARN_COMMA = YES;
				CLANG_WARN_CONSTANT_CONVERSION = YES;
				CLANG_WARN_DEPRECATED_OBJC_IMPLEMENTATIONS = YES;
				CLANG_WARN_DIRECT_OBJC_ISA_USAGE = YES_ERROR;
				CLANG_WARN_DOCUMENTATION_COMMENTS = YES;
				CLANG_WARN_EMPTY_BODY = YES;
				CLANG_WARN_ENUM_CONVERSION = YES;
				CLANG_WARN_INFINITE_RECURSION = YES;
				CLANG_WARN_INT_CONVERSION = YES;
				CLANG_WARN_NON_LITERAL_NULL_CONVERSION = YES;
				CLANG_WARN_OBJC_IMPLICIT_RETAIN_SELF = YES;
				CLANG_WARN_OBJC_LITERAL_CONVERSION = YES;
				CLANG_WARN_OBJC_ROOT_CLASS = YES_ERROR;
				CLANG_WARN_RANGE_LOOP_ANALYSIS = YES;
				CLANG_WARN_STRICT_PROTOTYPES = YES;
				CLANG_WARN_SUSPICIOUS_MOVE = YES;
				CLANG_WARN_UNGUARDED_AVAILABILITY = YES_AGGRESSIVE;
				CLANG_WARN_UNREACHABLE_CODE = YES;
				CLANG_WARN__DUPLICATE_METHOD_MATCH = YES;
				CODE_SIGN_IDENTITY = "iPhone Developer";
				COPY_PHASE_STRIP = NO;
				DEBUG_INFORMATION_FORMAT = "dwarf-with-dsym";
				ENABLE_NS_ASSERTIONS = NO;
				ENABLE_STRICT_OBJC_MSGSEND = YES;
				GCC_C_LANGUAGE_STANDARD = gnu11;
				GCC_NO_COMMON_BLOCKS = YES;
				GCC_WARN_64_TO_32_BIT_CONVERSION = YES;
				GCC_WARN_ABOUT_RETURN_TYPE = YES_ERROR;
				GCC_WARN_UNDECLARED_SELECTOR = YES;
				GCC_WARN_UNINITIALIZED_AUTOS = YES_AGGRESSIVE;
				GCC_WARN_UNUSED_FUNCTION = YES;
				GCC_WARN_UNUSED_VARIABLE = YES;
				IPHONEOS_DEPLOYMENT_TARGET = 12.1;
				MTL_ENABLE_DEBUG_INFO = NO;
				MTL_FAST_MATH = YES;
				SDKROOT = iphoneos;
				SWIFT_COMPILATION_MODE = wholemodule;
				SWIFT_OPTIMIZATION_LEVEL = "-O";
				VALIDATE_PRODUCT = YES;
			};
			name = Release;
		};
		2EFFAFD1228E51CE00E3B456 /* Debug */ = {
			isa = XCBuildConfiguration;
			buildSettings = {
				ASSETCATALOG_COMPILER_APPICON_NAME = AppIcon;
				CODE_SIGN_STYLE = Automatic;
				DEVELOPMENT_TEAM = 6V78FR972C;
				INFOPLIST_FILE = Darts/Info.plist;
				LD_RUNPATH_SEARCH_PATHS = (
					"$(inherited)",
					"@executable_path/Frameworks",
				);
				PRODUCT_BUNDLE_IDENTIFIER = com.Bob.Darts;
				PRODUCT_NAME = "$(TARGET_NAME)";
				SWIFT_VERSION = 4.2;
				TARGETED_DEVICE_FAMILY = "1,2";
			};
			name = Debug;
		};
		2EFFAFD2228E51CE00E3B456 /* Release */ = {
			isa = XCBuildConfiguration;
			buildSettings = {
				ASSETCATALOG_COMPILER_APPICON_NAME = AppIcon;
				CODE_SIGN_STYLE = Automatic;
				DEVELOPMENT_TEAM = 6V78FR972C;
				INFOPLIST_FILE = Darts/Info.plist;
				LD_RUNPATH_SEARCH_PATHS = (
					"$(inherited)",
					"@executable_path/Frameworks",
				);
				PRODUCT_BUNDLE_IDENTIFIER = com.Bob.Darts;
				PRODUCT_NAME = "$(TARGET_NAME)";
				SWIFT_VERSION = 4.2;
				TARGETED_DEVICE_FAMILY = "1,2";
			};
			name = Release;
		};
/* End XCBuildConfiguration section */

/* Begin XCConfigurationList section */
		2EFFAFB6228E51CC00E3B456 /* Build configuration list for PBXProject "Darts" */ = {
			isa = XCConfigurationList;
			buildConfigurations = (
				2EFFAFCE228E51CE00E3B456 /* Debug */,
				2EFFAFCF228E51CE00E3B456 /* Release */,
			);
			defaultConfigurationIsVisible = 0;
			defaultConfigurationName = Release;
		};
		2EFFAFD0228E51CE00E3B456 /* Build configuration list for PBXNativeTarget "Darts" */ = {
			isa = XCConfigurationList;
			buildConfigurations = (
				2EFFAFD1228E51CE00E3B456 /* Debug */,
				2EFFAFD2228E51CE00E3B456 /* Release */,
			);
			defaultConfigurationIsVisible = 0;
			defaultConfigurationName = Release;
		};
/* End XCConfigurationList section */

/* Begin XCVersionGroup section */
		2EFFAFC5228E51CC00E3B456 /* Darts.xcdatamodeld */ = {
			isa = XCVersionGroup;
			children = (
				2EFFAFC6228E51CC00E3B456 /* Darts.xcdatamodel */,
			);
			currentVersion = 2EFFAFC6228E51CC00E3B456 /* Darts.xcdatamodel */;
			path = Darts.xcdatamodeld;
			sourceTree = "<group>";
			versionGroupType = wrapper.xcdatamodel;
		};
/* End XCVersionGroup section */
	};
	rootObject = 2EFFAFB3228E51CC00E3B456 /* Project object */;
}
